# Bonfort.lock — GENERATED AUTOMATICALLY by bonfort
# DO NOT EDIT MANUALLY. Commit this file to version control.
# Regenerate with: bonfort update --lock

version = 1
generated = "2026-04-07T00:00:00Z"

# ── Nux packages ─────────────────────────────────────────────────────────────
# [[package]]
# name       = "nux-json"
# version    = "1.2.3"
# package-id = "com.nux.json"
# source     = "registry+https://registry.nux-lang.org"
# checksum   = "sha256:abc123..."
# deps       = []

# ── Language runtimes required by LAG ────────────────────────────────────────
# [[lang-runtime]]
# lang     = "python"
# version  = "3.13.7"
# resolved = "/usr/bin/python3"
# verified = true

# [[lang-runtime]]
# lang     = "rust"
# version  = "1.78.0"
# resolved = "/home/user/.cargo/bin/rustc"
# verified = true
